
Microsoft Visual Studio Solution File, Format Version 12.00
# Visual Studio Version 17
VisualStudioVersion = 17.11.35327.3
MinimumVisualStudioVersion = 10.0.40219.1
Project("{8BC9CEB8-8B4A-11D0-8D11-00A0C91BC942}") = "BOJ_9370", "BOJ_9370.vcxproj", "{B57F01D7-5FC7-481B-BB1B-278229DE9202}"
EndProject
Global
	GlobalSection(SolutionConfigurationPlatforms) = preSolution
		Debug|x64 = Debug|x64
		Release|x64 = Release|x64
	EndGlobalSection
	GlobalSection(ProjectConfigurationPlatforms) = postSolution
		{B57F01D7-5FC7-481B-BB1B-278229DE9202}.Debug|x64.ActiveCfg = Debug|x64
		{B57F01D7-5FC7-481B-BB1B-278229DE9202}.Debug|x64.Build.0 = Debug|x64
		{B57F01D7-5FC7-481B-BB1B-278229DE9202}.Release|x64.ActiveCfg = Release|x64
		{B57F01D7-5FC7-481B-BB1B-278229DE9202}.Release|x64.Build.0 = Release|x64
	EndGlobalSection
	GlobalSection(SolutionProperties) = preSolution
		HideSolutionNode = FALSE
	EndGlobalSection
	GlobalSection(ExtensibilityGlobals) = postSolution
		SolutionGuid = {FB66F489-778E-4427-898D-08072427008D}
	EndGlobalSection
EndGlobal
